# THIS IS AN AUTOGENERATED FILE. DO NOT EDIT THIS FILE DIRECTLY.
# yarn lockfile v1


"@babel/helper-plugin-utils@^7.14.5":
  version "7.16.5"
  resolved "https://registry.yarnpkg.com/@babel/helper-plugin-utils/-/helper-plugin-utils-7.16.5.tgz#afe37a45f39fce44a3d50a7958129ea5b1a5c074"
  integrity sha512-59KHWHXxVA9K4HNF4sbHCf+eJeFe0Te/ZFGqBT4OjXhrwvA04sGfaEGsVTdsjoszq0YTP49RC9UKe5g8uN2RwQ==

"@babel/helper-validator-identifier@^7.14.9":
  version "7.15.7"
  resolved "https://registry.yarnpkg.com/@babel/helper-validator-identifier/-/helper-validator-identifier-7.15.7.tgz#220df993bfe904a4a6b02ab4f3385a5ebf6e2389"
  integrity sha512-K4JvCtQqad9OY2+yTU8w+E82ywk/fe+ELNlt1G8z3bVGlZfn/hOcQQsUhGhW/N+tb3fxK800wLtKOE/aM0m72w==

"@babel/plugin-syntax-jsx@7.14.5":
  version "7.14.5"
  resolved "https://registry.yarnpkg.com/@babel/plugin-syntax-jsx/-/plugin-syntax-jsx-7.14.5.tgz#000e2e25d8673cce49300517a3eda44c263e4201"
  integrity sha512-ohuFIsOMXJnbOMRfX7/w7LocdR6R7whhuRD4ax8IipLcLPlZGJKkBxgHp++U4N/vKyU16/YDQr2f5seajD3jIw==
  dependencies:
    "@babel/helper-plugin-utils" "^7.14.5"

"@babel/types@7.15.0":
  version "7.15.0"
  resolved "https://registry.yarnpkg.com/@babel/types/-/types-7.15.0.tgz#61af11f2286c4e9c69ca8deb5f4375a73c72dcbd"
  integrity sha512-OBvfqnllOIdX4ojTHpwZbpvz4j3EWyjkZEdmjH0/cgsd6QOdSgU8rLSk6ard/pcW7rlmjdVSX/AWOaORR1uNOQ==
  dependencies:
    "@babel/helper-validator-identifier" "^7.14.9"
    to-fast-properties "^2.0.0"

"@geist-ui/react-icons@^1.0.1":
  version "1.0.1"
  resolved "https://registry.yarnpkg.com/@geist-ui/react-icons/-/react-icons-1.0.1.tgz#5da112bbc98216bf05da3aabbd7d21594440b209"
  integrity sha512-/phre1NwXT0Mrxcq3yb+KksJ16/ykptgxI7+jh5pmDZfxnIMPlBWFBGDK0yw96oi752Wuo24X6+tkWjVe/g5Bg==

"@geist-ui/react@^2.2.0":
  version "2.2.0"
  resolved "https://registry.yarnpkg.com/@geist-ui/react/-/react-2.2.0.tgz#964a2bb695edf69f8c87c9ecd8ad782bc0ba7038"
  integrity sha512-JtdfD2ONdV3k8jK+NKMVfX9nR+L/Cwog6gvmwlWNRlyMlD5w/xslTwNbyAsblVe30yu6wpTKpubRG70EvnZIiw==
  dependencies:
    styled-jsx "^4.0.0"

"@next/env@12.0.10":
  version "12.0.10"
  resolved "https://registry.yarnpkg.com/@next/env/-/env-12.0.10.tgz#561640fd62279218ccd2798ae907bae8d94a7730"
  integrity sha512-mQVj0K6wQ5WEk/sL9SZ+mJXJUaG7el8CpZ6io1uFe9GgNTSC7EgUyNGqM6IQovIFc5ukF4O/hqsdh3S/DCgT2g==

"@next/swc-android-arm64@12.0.10":
  version "12.0.10"
  resolved "https://registry.yarnpkg.com/@next/swc-android-arm64/-/swc-android-arm64-12.0.10.tgz#fd9d716433cc9d361021b0052f8b002bcaff948d"
  integrity sha512-xYwXGkNhzZZsM5MD7KRwF5ZNiC8OLPtVMUiagpPnwENg8Hb0GSQo/NbYWXM8YrawEwp9LaZ7OXiuRKPh2JyBdA==

"@next/swc-darwin-arm64@12.0.10":
  version "12.0.10"
  resolved "https://registry.yarnpkg.com/@next/swc-darwin-arm64/-/swc-darwin-arm64-12.0.10.tgz#34b2d0dc62eb89efb9176af111e3820a11fdb3f0"
  integrity sha512-f2zngulkpIJKWHckhRi7X8GZ+J/tNgFF7lYIh7Qx15JH0OTBsjkqxORlkzy+VZyHJ5sWTCaI6HYYd3ow6qkEEg==

"@next/swc-darwin-x64@12.0.10":
  version "12.0.10"
  resolved "https://registry.yarnpkg.com/@next/swc-darwin-x64/-/swc-darwin-x64-12.0.10.tgz#a4306795159293c7d4d58a2c88ce1710ff0a8baa"
  integrity sha512-Qykcu/gVC5oTvOQoRBhyuS5GYm5SbcgrFTsaLFkGBmEkg9eMQRiaCswk4IafpDXVzITkVFurzSM28q3tLW2qUw==

"@next/swc-linux-arm-gnueabihf@12.0.10":
  version "12.0.10"
  resolved "https://registry.yarnpkg.com/@next/swc-linux-arm-gnueabihf/-/swc-linux-arm-gnueabihf-12.0.10.tgz#1ad15af3d5fca2fef57894d61e16f73aee61ec2e"
  integrity sha512-EhqrTFsIXAXN9B/fiiW/QKUK/lSLCXRsLalkUp58KDfMqVLLlj1ORbESAcswiNQOChLuHQSldGEEtOBPQZcd9A==

"@next/swc-linux-arm64-gnu@12.0.10":
  version "12.0.10"
  resolved "https://registry.yarnpkg.com/@next/swc-linux-arm64-gnu/-/swc-linux-arm64-gnu-12.0.10.tgz#a84a92d0e1a179c4346c9ed8f22e26f708101ad6"
  integrity sha512-kqGtC72g3+JYXZbY2ca6digXR5U6AQ6Dzv4eAxYluMePLHjI/Xye1mf9dwVsgmeXfrD/IRDp5K/3A6UNvBm4oQ==

"@next/swc-linux-arm64-musl@12.0.10":
  version "12.0.10"
  resolved "https://registry.yarnpkg.com/@next/swc-linux-arm64-musl/-/swc-linux-arm64-musl-12.0.10.tgz#973ec96c77f845bd0a6eecbf1892caa1ee4defaf"
  integrity sha512-bG9zTSNwnSgc1Un/7oz1ZVN4UeXsTWrsQhAGWU78lLLCn4Zj9HQoUCRCGLt0OVs2DBZ+WC8CzzFliQ1SKipVbg==

"@next/swc-linux-x64-gnu@12.0.10":
  version "12.0.10"
  resolved "https://registry.yarnpkg.com/@next/swc-linux-x64-gnu/-/swc-linux-x64-gnu-12.0.10.tgz#efcc7f8252ea8225834760eaf09350f1bead73f7"
  integrity sha512-c79PcfWtyThiYRa1+3KVfDq0zXaI8o1d6dQWNVqDrtLz5HKM/rbjLdvoNuxDwUeZhxI/d9CtyH6GbuKPw5l/5A==

"@next/swc-linux-x64-musl@12.0.10":
  version "12.0.10"
  resolved "https://registry.yarnpkg.com/@next/swc-linux-x64-musl/-/swc-linux-x64-musl-12.0.10.tgz#c2a73d939dfd310acc1892a0a132762500dd5757"
  integrity sha512-g/scgn+21/MLfizOCZOZt+MxNj2/8Tdlwjvy+QZcSUPZRUI2Y5o3HwBvI1f/bSci+NGRU+bUAO0NFtRJ9MzH5w==

"@next/swc-win32-arm64-msvc@12.0.10":
  version "12.0.10"
  resolved "https://registry.yarnpkg.com/@next/swc-win32-arm64-msvc/-/swc-win32-arm64-msvc-12.0.10.tgz#2316af5f612cde1691abdf2571ff40ec32ea3429"
  integrity sha512-gl6B/ravwMeY5Nv4Il2/ARYJQ6u+KPRwGMjS1ZrNudIKlNn4YBeXh5A4cIVm+dHaff6/O/lGOa5/SUYDMZpkww==

"@next/swc-win32-ia32-msvc@12.0.10":
  version "12.0.10"
  resolved "https://registry.yarnpkg.com/@next/swc-win32-ia32-msvc/-/swc-win32-ia32-msvc-12.0.10.tgz#98a4f74d164871cfaccb0df6efddf2b7bcbaa54b"
  integrity sha512-7RVpZ3tSThC6j+iZB0CUYmFiA3kXmN+pE7QcfyAxFaflKlaZoWNMKHIEZDuxSJc6YmQ6kyxsjqxVay2F5+/YCg==

"@next/swc-win32-x64-msvc@12.0.10":
  version "12.0.10"
  resolved "https://registry.yarnpkg.com/@next/swc-win32-x64-msvc/-/swc-win32-x64-msvc-12.0.10.tgz#5c0ba98b695c4be44d8793aff42971a0dac65c2d"
  integrity sha512-oUIWRKd24jFLRWUYO1CZmML5+32BcpVfqhimGaaZIXcOkfQW+iqiAzdqsv688zaGtyKGeB9ZtiK3NDf+Q0v+Vw==

"@types/node@^17.0.4":
  version "17.0.4"
  resolved "https://registry.yarnpkg.com/@types/node/-/node-17.0.4.tgz#fec0ce0526abb6062fd206d72a642811b887a111"
  integrity sha512-6xwbrW4JJiJLgF+zNypN5wr2ykM9/jHcL7rQ8fZe2vuftggjzZeRSM4OwRc6Xk8qWjwJ99qVHo/JgOGmomWRog==

"@types/prop-types@*":
  version "15.7.4"
  resolved "https://registry.yarnpkg.com/@types/prop-types/-/prop-types-15.7.4.tgz#fcf7205c25dff795ee79af1e30da2c9790808f11"
  integrity sha512-rZ5drC/jWjrArrS8BR6SIr4cWpW09RNTYt9AMZo3Jwwif+iacXAqgVjm0B0Bv/S1jhDXKHqRVNCbACkJ89RAnQ==

"@types/react-dom@^17.0.11":
  version "17.0.11"
  resolved "https://registry.yarnpkg.com/@types/react-dom/-/react-dom-17.0.11.tgz#e1eadc3c5e86bdb5f7684e00274ae228e7bcc466"
  integrity sha512-f96K3k+24RaLGVu/Y2Ng3e1EbZ8/cVJvypZWd7cy0ofCBaf2lcM46xNhycMZ2xGwbBjRql7hOlZ+e2WlJ5MH3Q==
  dependencies:
    "@types/react" "*"

"@types/react@*", "@types/react@^17.0.38":
  version "17.0.38"
  resolved "https://registry.yarnpkg.com/@types/react/-/react-17.0.38.tgz#f24249fefd89357d5fa71f739a686b8d7c7202bd"
  integrity sha512-SI92X1IA+FMnP3qM5m4QReluXzhcmovhZnLNm3pyeQlooi02qI7sLiepEYqT678uNiyc25XfCqxREFpy3W7YhQ==
  dependencies:
    "@types/prop-types" "*"
    "@types/scheduler" "*"
    csstype "^3.0.2"

"@types/scheduler@*":
  version "0.16.2"
  resolved "https://registry.yarnpkg.com/@types/scheduler/-/scheduler-0.16.2.tgz#1a62f89525723dde24ba1b01b092bf5df8ad4d39"
  integrity sha512-hppQEBDmlwhFAXKJX2KnWLYu5yMfi91yazPb2l+lbJiwW+wdo1gNeRA+3RgNSO39WYX2euey41KEwnqesU2Jew==

big.js@^5.2.2:
  version "5.2.2"
  resolved "https://registry.yarnpkg.com/big.js/-/big.js-5.2.2.tgz#65f0af382f578bcdc742bd9c281e9cb2d7768328"
  integrity sha512-vyL2OymJxmarO8gxMr0mhChsO9QGwhynfuu4+MHTAW6czfq9humCB7rKpUjDd9YUiDPU4mzpyupFSvOClAwbmQ==

caniuse-lite@^1.0.30001283:
  version "1.0.30001307"
  resolved "https://registry.yarnpkg.com/caniuse-lite/-/caniuse-lite-1.0.30001307.tgz#27a67f13ebc4aa9c977e6b8256a11d5eafb30f27"
  integrity sha512-+MXEMczJ4FuxJAUp0jvAl6Df0NI/OfW1RWEE61eSmzS7hw6lz4IKutbhbXendwq8BljfFuHtu26VWsg4afQ7Ng==

convert-source-map@1.7.0:
  version "1.7.0"
  resolved "https://registry.yarnpkg.com/convert-source-map/-/convert-source-map-1.7.0.tgz#17a2cb882d7f77d3490585e2ce6c524424a3a442"
  integrity sha512-4FJkXzKXEDB1snCFZlLP4gpC3JILicCpGbzG9f9G7tGqGCzETQ2hWPrcinA9oU4wtf2biUaEH5065UnMeR33oA==
  dependencies:
    safe-buffer "~5.1.1"

csstype@^3.0.2:
  version "3.0.10"
  resolved "https://registry.yarnpkg.com/csstype/-/csstype-3.0.10.tgz#2ad3a7bed70f35b965707c092e5f30b327c290e5"
  integrity sha512-2u44ZG2OcNUO9HDp/Jl8C07x6pU/eTR3ncV91SiK3dhG9TWvRVsCoJw14Ckx5DgWkzGA3waZWO3d7pgqpUI/XA==

deta@^1.0.1:
  version "1.0.1"
  resolved "https://registry.yarnpkg.com/deta/-/deta-1.0.1.tgz#ee8ee62f4f0425a00670cf416b27b1bb6b2cfad4"
  integrity sha512-7PoMfBoZp1b8g8KRrvS0EIbym9D+mTiJeEqK3yMrkqHw1RPXKURDqIU9imG+vTogEquPmsxmWKjiEwWuxMm8lQ==
  dependencies:
    node-fetch "^2.6.1"

emojis-list@^2.0.0:
  version "2.1.0"
  resolved "https://registry.yarnpkg.com/emojis-list/-/emojis-list-2.1.0.tgz#4daa4d9db00f9819880c79fa457ae5b09a1fd389"
  integrity sha1-TapNnbAPmBmIDHn6RXrlsJof04k=

goober@^2.0.35:
  version "2.1.1"
  resolved "https://registry.yarnpkg.com/goober/-/goober-2.1.1.tgz#2328a6dae015c3cd30fc55a70090037a244ad2f6"
  integrity sha512-TkGCqHxE4g5DtdpwxFCi53bXRtvw0BoSgCihVSIOioe9kfkqin5wXG8BQKykN0tjzmxZJ81qU2KWinZf5qKVlw==

"js-tokens@^3.0.0 || ^4.0.0":
  version "4.0.0"
  resolved "https://registry.yarnpkg.com/js-tokens/-/js-tokens-4.0.0.tgz#19203fb59991df98e3a287050d4647cdeaf32499"
  integrity sha512-RdJUflcE3cUzKiMqQgsCu06FPu9UdIJO0beYbPhHN4k6apgJtifcoCtT9bcxOpYBtpD2kCM6Sbzg4CausW/PKQ==

json5@^1.0.1:
  version "1.0.1"
  resolved "https://registry.yarnpkg.com/json5/-/json5-1.0.1.tgz#779fb0018604fa854eacbf6252180d83543e3dbe"
  integrity sha512-aKS4WQjPenRxiQsC93MNfjx+nbF4PAdYzmd/1JIj8HYzqfbu86beTuNgXDzPknWk0n0uARlyewZo4s++ES36Ow==
  dependencies:
    minimist "^1.2.0"

loader-utils@1.2.3:
  version "1.2.3"
  resolved "https://registry.yarnpkg.com/loader-utils/-/loader-utils-1.2.3.tgz#1ff5dc6911c9f0a062531a4c04b609406108c2c7"
  integrity sha512-fkpz8ejdnEMG3s37wGL07iSBDg99O9D5yflE9RGNH3hRdx9SOwYfnGYdZOUIZitN8E+E2vkq3MUMYMvPYl5ZZA==
  dependencies:
    big.js "^5.2.2"
    emojis-list "^2.0.0"
    json5 "^1.0.1"

loose-envify@^1.1.0:
  version "1.4.0"
  resolved "https://registry.yarnpkg.com/loose-envify/-/loose-envify-1.4.0.tgz#71ee51fa7be4caec1a63839f7e682d8132d30caf"
  integrity sha512-lyuxPGr/Wfhrlem2CL/UcnUc1zcqKAImBDzukY7Y5F/yQiNdko6+fRLevlw1HgMySw7f611UIY408EtxRSoK3Q==
  dependencies:
    js-tokens "^3.0.0 || ^4.0.0"

minimist@^1.2.0:
  version "1.2.5"
  resolved "https://registry.yarnpkg.com/minimist/-/minimist-1.2.5.tgz#67d66014b66a6a8aaa0c083c5fd58df4e4e97602"
  integrity sha512-FM9nNUYrRBAELZQT3xeZQ7fmMOBg6nWNmJKTcgsJeaLstP/UODVpGsr5OhXhhXg6f+qtJ8uiZ+PUxkDWcgIXLw==

nanoid@^3.1.30:
  version "3.1.30"
  resolved "https://registry.yarnpkg.com/nanoid/-/nanoid-3.1.30.tgz#63f93cc548d2a113dc5dfbc63bfa09e2b9b64362"
  integrity sha512-zJpuPDwOv8D2zq2WRoMe1HsfZthVewpel9CAvTfc/2mBD1uUT/agc5f7GHGWXlYkFvi1mVxe4IjvP2HNrop7nQ==

nanoid@^3.2.0:
  version "3.2.0"
  resolved "https://registry.yarnpkg.com/nanoid/-/nanoid-3.2.0.tgz#62667522da6673971cca916a6d3eff3f415ff80c"
  integrity sha512-fmsZYa9lpn69Ad5eDn7FMcnnSR+8R34W9qJEijxYhTbfOWzr22n1QxCMzXLK+ODyW2973V3Fux959iQoUxzUIA==

next@^12.0.10:
  version "12.0.10"
  resolved "https://registry.yarnpkg.com/next/-/next-12.0.10.tgz#fcc4584177418bd777ce157f3165b7ba5e7708f7"
  integrity sha512-1y3PpGzpb/EZzz1jgne+JfZXKAVJUjYXwxzrADf/LWN+8yi9o79vMLXpW3mevvCHkEF2sBnIdjzNn16TJrINUw==
  dependencies:
    "@next/env" "12.0.10"
    caniuse-lite "^1.0.30001283"
    postcss "8.4.5"
    styled-jsx "5.0.0"
    use-subscription "1.5.1"
  optionalDependencies:
    "@next/swc-android-arm64" "12.0.10"
    "@next/swc-darwin-arm64" "12.0.10"
    "@next/swc-darwin-x64" "12.0.10"
    "@next/swc-linux-arm-gnueabihf" "12.0.10"
    "@next/swc-linux-arm64-gnu" "12.0.10"
    "@next/swc-linux-arm64-musl" "12.0.10"
    "@next/swc-linux-x64-gnu" "12.0.10"
    "@next/swc-linux-x64-musl" "12.0.10"
    "@next/swc-win32-arm64-msvc" "12.0.10"
    "@next/swc-win32-ia32-msvc" "12.0.10"
    "@next/swc-win32-x64-msvc" "12.0.10"

node-fetch@^2.6.1:
  version "2.6.6"
  resolved "https://registry.yarnpkg.com/node-fetch/-/node-fetch-2.6.6.tgz#1751a7c01834e8e1697758732e9efb6eeadfaf89"
  integrity sha512-Z8/6vRlTUChSdIgMa51jxQ4lrw/Jy5SOW10ObaA47/RElsAN2c5Pn8bTgFGWn/ibwzXTE8qwr1Yzx28vsecXEA==
  dependencies:
    whatwg-url "^5.0.0"

object-assign@^4.1.1:
  version "4.1.1"
  resolved "https://registry.yarnpkg.com/object-assign/-/object-assign-4.1.1.tgz#2109adc7965887cfc05cbbd442cac8bfbb360863"
  integrity sha1-IQmtx5ZYh8/AXLvUQsrIv7s2CGM=

picocolors@^1.0.0:
  version "1.0.0"
  resolved "https://registry.yarnpkg.com/picocolors/-/picocolors-1.0.0.tgz#cb5bdc74ff3f51892236eaf79d68bc44564ab81c"
  integrity sha512-1fygroTLlHu66zi26VoTDv8yRgm0Fccecssto+MhsZ0D/DGW2sm8E8AjW7NU5VVTRt5GxbeZ5qBuJr+HyLYkjQ==

postcss@8.4.5:
  version "8.4.5"
  resolved "https://registry.yarnpkg.com/postcss/-/postcss-8.4.5.tgz#bae665764dfd4c6fcc24dc0fdf7e7aa00cc77f95"
  integrity sha512-jBDboWM8qpaqwkMwItqTQTiFikhs/67OYVvblFFTM7MrZjt6yMKd6r2kgXizEbTTljacm4NldIlZnhbjr84QYg==
  dependencies:
    nanoid "^3.1.30"
    picocolors "^1.0.0"
    source-map-js "^1.0.1"

prettier@^2.5.1:
  version "2.5.1"
  resolved "https://registry.yarnpkg.com/prettier/-/prettier-2.5.1.tgz#fff75fa9d519c54cf0fce328c1017d94546bc56a"
  integrity sha512-vBZcPRUR5MZJwoyi3ZoyQlc1rXeEck8KgeC9AwwOn+exuxLxq5toTRDTSaVrXHxelDMHy9zlicw8u66yxoSUFg==

react-dom@^17.0.2:
  version "17.0.2"
  resolved "https://registry.yarnpkg.com/react-dom/-/react-dom-17.0.2.tgz#ecffb6845e3ad8dbfcdc498f0d0a939736502c23"
  integrity sha512-s4h96KtLDUQlsENhMn1ar8t2bEa+q/YAtj8pPPdIjPDGBDIVNsrD9aXNWqspUe6AzKCIG0C1HZZLqLV7qpOBGA==
  dependencies:
    loose-envify "^1.1.0"
    object-assign "^4.1.1"
    scheduler "^0.20.2"

react-hot-toast@^2.1.1:
  version "2.1.1"
  resolved "https://registry.yarnpkg.com/react-hot-toast/-/react-hot-toast-2.1.1.tgz#56409ab406b534e9e58274cf98d80355ba0fdda0"
  integrity sha512-Odrp4wue0fHh0pOfZt5H+9nWCMtqs3wdlFSzZPp7qsxfzmbE26QmGWIh6hG43CukiPeOjA8WQhBJU8JwtWvWbQ==
  dependencies:
    goober "^2.0.35"

react@^17.0.2:
  version "17.0.2"
  resolved "https://registry.yarnpkg.com/react/-/react-17.0.2.tgz#d0b5cc516d29eb3eee383f75b62864cfb6800037"
  integrity sha512-gnhPt75i/dq/z3/6q/0asP78D0u592D5L1pd7M8P+dck6Fu/jJeL6iVVK23fptSUZj8Vjf++7wXA8UNclGQcbA==
  dependencies:
    loose-envify "^1.1.0"
    object-assign "^4.1.1"

safe-buffer@~5.1.1:
  version "5.1.2"
  resolved "https://registry.yarnpkg.com/safe-buffer/-/safe-buffer-5.1.2.tgz#991ec69d296e0313747d59bdfd2b745c35f8828d"
  integrity sha512-Gd2UZBJDkXlY7GbJxfsE8/nvKkUEU1G38c1siN6QP6a9PT9MmHB8GnpscSmMJSoF8LOIrt8ud/wPtojys4G6+g==

scheduler@^0.20.2:
  version "0.20.2"
  resolved "https://registry.yarnpkg.com/scheduler/-/scheduler-0.20.2.tgz#4baee39436e34aa93b4874bddcbf0fe8b8b50e91"
  integrity sha512-2eWfGgAqqWFGqtdMmcL5zCMK1U8KlXv8SQFGglL3CEtd0aDVDWgeF/YoCmvln55m5zSk3J/20hTaSBeSObsQDQ==
  dependencies:
    loose-envify "^1.1.0"
    object-assign "^4.1.1"

source-map-js@^1.0.1:
  version "1.0.2"
  resolved "https://registry.yarnpkg.com/source-map-js/-/source-map-js-1.0.2.tgz#adbc361d9c62df380125e7f161f71c826f1e490c"
  integrity sha512-R0XvVJ9WusLiqTCEiGCmICCMplcCkIwwR11mOSD9CR5u+IXYdiseeEuXCVAjS54zqwkLcPNnmU4OeJ6tUrWhDw==

source-map@0.7.3:
  version "0.7.3"
  resolved "https://registry.yarnpkg.com/source-map/-/source-map-0.7.3.tgz#5302f8169031735226544092e64981f751750383"
  integrity sha512-CkCj6giN3S+n9qrYiBTX5gystlENnRW5jZeNLHpe6aue+SrHcG5VYwujhW9s4dY31mEGsxBDrHR6oI69fTXsaQ==

string-hash@1.1.3:
  version "1.1.3"
  resolved "https://registry.yarnpkg.com/string-hash/-/string-hash-1.1.3.tgz#e8aafc0ac1855b4666929ed7dd1275df5d6c811b"
  integrity sha1-6Kr8CsGFW0Zmkp7X3RJ1311sgRs=

styled-jsx@5.0.0:
  version "5.0.0"
  resolved "https://registry.yarnpkg.com/styled-jsx/-/styled-jsx-5.0.0.tgz#816b4b92e07b1786c6b7111821750e0ba4d26e77"
  integrity sha512-qUqsWoBquEdERe10EW8vLp3jT25s/ssG1/qX5gZ4wu15OZpmSMFI2v+fWlRhLfykA5rFtlJ1ME8A8pm/peV4WA==

styled-jsx@^4.0.0:
  version "4.0.1"
  resolved "https://registry.yarnpkg.com/styled-jsx/-/styled-jsx-4.0.1.tgz#ae3f716eacc0792f7050389de88add6d5245b9e9"
  integrity sha512-Gcb49/dRB1k8B4hdK8vhW27Rlb2zujCk1fISrizCcToIs+55B4vmUM0N9Gi4nnVfFZWe55jRdWpAqH1ldAKWvQ==
  dependencies:
    "@babel/plugin-syntax-jsx" "7.14.5"
    "@babel/types" "7.15.0"
    convert-source-map "1.7.0"
    loader-utils "1.2.3"
    source-map "0.7.3"
    string-hash "1.1.3"
    stylis "3.5.4"
    stylis-rule-sheet "0.0.10"

stylis-rule-sheet@0.0.10:
  version "0.0.10"
  resolved "https://registry.yarnpkg.com/stylis-rule-sheet/-/stylis-rule-sheet-0.0.10.tgz#44e64a2b076643f4b52e5ff71efc04d8c3c4a430"
  integrity sha512-nTbZoaqoBnmK+ptANthb10ZRZOGC+EmTLLUxeYIuHNkEKcmKgXX1XWKkUBT2Ac4es3NybooPe0SmvKdhKJZAuw==

stylis@3.5.4:
  version "3.5.4"
  resolved "https://registry.yarnpkg.com/stylis/-/stylis-3.5.4.tgz#f665f25f5e299cf3d64654ab949a57c768b73fbe"
  integrity sha512-8/3pSmthWM7lsPBKv7NXkzn2Uc9W7NotcwGNpJaa3k7WMM1XDCA4MgT5k/8BIexd5ydZdboXtU90XH9Ec4Bv/Q==

to-fast-properties@^2.0.0:
  version "2.0.0"
  resolved "https://registry.yarnpkg.com/to-fast-properties/-/to-fast-properties-2.0.0.tgz#dc5e698cbd079265bc73e0377681a4e4e83f616e"
  integrity sha1-3F5pjL0HkmW8c+A3doGk5Og/YW4=

tr46@~0.0.3:
  version "0.0.3"
  resolved "https://registry.yarnpkg.com/tr46/-/tr46-0.0.3.tgz#8184fd347dac9cdc185992f3a6622e14b9d9ab6a"
  integrity sha1-gYT9NH2snNwYWZLzpmIuFLnZq2o=

typescript@^4.5.4:
  version "4.5.4"
  resolved "https://registry.yarnpkg.com/typescript/-/typescript-4.5.4.tgz#a17d3a0263bf5c8723b9c52f43c5084edf13c2e8"
  integrity sha512-VgYs2A2QIRuGphtzFV7aQJduJ2gyfTljngLzjpfW9FoYZF6xuw1W0vW9ghCKLfcWrCFxK81CSGRAvS1pn4fIUg==

use-subscription@1.5.1:
  version "1.5.1"
  resolved "https://registry.yarnpkg.com/use-subscription/-/use-subscription-1.5.1.tgz#73501107f02fad84c6dd57965beb0b75c68c42d1"
  integrity sha512-Xv2a1P/yReAjAbhylMfFplFKj9GssgTwN7RlcTxBujFQcloStWNDQdc4g4NRWH9xS4i/FDk04vQBptAXoF3VcA==
  dependencies:
    object-assign "^4.1.1"

webidl-conversions@^3.0.0:
  version "3.0.1"
  resolved "https://registry.yarnpkg.com/webidl-conversions/-/webidl-conversions-3.0.1.tgz#24534275e2a7bc6be7bc86611cc16ae0a5654871"
  integrity sha1-JFNCdeKnvGvnvIZhHMFq4KVlSHE=

whatwg-url@^5.0.0:
  version "5.0.0"
  resolved "https://registry.yarnpkg.com/whatwg-url/-/whatwg-url-5.0.0.tgz#966454e8765462e37644d3626f6742ce8b70965d"
  integrity sha1-lmRU6HZUYuN2RNNib2dCzotwll0=
  dependencies:
    tr46 "~0.0.3"
    webidl-conversions "^3.0.0"
