# THIS IS AN AUTOGENERATED FILE. DO NOT EDIT THIS FILE DIRECTLY.
# yarn lockfile v1


"@prisma/client@^4.1.0":
  version "4.1.0"
  resolved "https://registry.yarnpkg.com/@prisma/client/-/client-4.1.0.tgz#7c5341b2276c083821e432536ff97d8cc8f8b936"
  integrity sha512-MvfPGAd42vHTiCYxwS6N+2U3F+ukoJ48D2QRnX1zSPJHBkh1CBtshl75daKzvVfgQwSouzSQeugKDej5di+E/g==
  dependencies:
    "@prisma/engines-version" "4.1.0-48.8d8414deb360336e4698a65aa45a1fbaf1ce13d8"

"@prisma/engines-version@4.1.0-48.8d8414deb360336e4698a65aa45a1fbaf1ce13d8":
  version "4.1.0-48.8d8414deb360336e4698a65aa45a1fbaf1ce13d8"
  resolved "https://registry.yarnpkg.com/@prisma/engines-version/-/engines-version-4.1.0-48.8d8414deb360336e4698a65aa45a1fbaf1ce13d8.tgz#ce00e6377126e491a8b1e0e2039c97e2924bd6d9"
  integrity sha512-cRRJwpHFGFJZvtHbY3GZjMffNBEjjZk68ztn+S2hDgPCGB4H66IK26roK94GJxBodSehwRJ0wGyebC2GoIH1JQ==

"@prisma/engines@4.1.0":
  version "4.1.0"
  resolved "https://registry.yarnpkg.com/@prisma/engines/-/engines-4.1.0.tgz#da8002d4b75c92e3fd564ba5b0bd04847ffb3c4c"
  integrity sha512-quqHXD3P83NBLVtRlts4SgKHmqgA8GMiyDTJ7af03Wg0gl6F5t65mBYvIuwmD+52vHm42JtIsp/fAO9YIV0JBA==

deta@^1.1.0:
  version "1.1.0"
  resolved "https://registry.yarnpkg.com/deta/-/deta-1.1.0.tgz#7a5ce103d859a182b35614034387541525b5c8be"
  integrity sha512-mQAvfAsB++McPMT3Gb39KWkxfFzaPSF+z8XNpomakkUslg9xTu6Z8gVjAXaDGJm0LFEIIZQdokpU+lOJOXtOqw==
  dependencies:
    node-fetch "^2.6.7"

node-fetch@^2.6.7:
  version "2.6.7"
  resolved "https://registry.yarnpkg.com/node-fetch/-/node-fetch-2.6.7.tgz#24de9fba827e3b4ae44dc8b20256a379160052ad"
  integrity sha512-ZjMPFEfVx5j+y2yF35Kzx5sF7kDzxuDj6ziH4FFbOp87zKDZNx8yExJIb05OGF4Nlt9IHFIMBkRl41VdvcNdbQ==
  dependencies:
    whatwg-url "^5.0.0"

prisma@^4.1.0:
  version "4.1.0"
  resolved "https://registry.yarnpkg.com/prisma/-/prisma-4.1.0.tgz#5d43597f0f2603a4a75d9586346c74110d8e221f"
  integrity sha512-iwqpAT6In1uvMSwQAM3PqmaBdhh2OaQ/2t+n3RjpW4vAKP3R7E1T34FZUU4zGOWtMWm5dt0sPThQkT/h87r6gw==
  dependencies:
    "@prisma/engines" "4.1.0"

tr46@~0.0.3:
  version "0.0.3"
  resolved "https://registry.yarnpkg.com/tr46/-/tr46-0.0.3.tgz#8184fd347dac9cdc185992f3a6622e14b9d9ab6a"
  integrity sha512-N3WMsuqV66lT30CrXNbEjx4GEwlow3v6rr4mCcv6prnfwhS01rkgyFdjPNBYd9br7LpXV1+Emh01fHnq2Gdgrw==

webidl-conversions@^3.0.0:
  version "3.0.1"
  resolved "https://registry.yarnpkg.com/webidl-conversions/-/webidl-conversions-3.0.1.tgz#24534275e2a7bc6be7bc86611cc16ae0a5654871"
  integrity sha512-2JAn3z8AR6rjK8Sm8orRC0h/bcl/DqL7tRPdGZ4I1CjdF+EaMLmYxBHyXuKL849eucPFhvBoxMsflfOb8kxaeQ==

whatwg-url@^5.0.0:
  version "5.0.0"
  resolved "https://registry.yarnpkg.com/whatwg-url/-/whatwg-url-5.0.0.tgz#966454e8765462e37644d3626f6742ce8b70965d"
  integrity sha512-saE57nupxk6v3HY35+jzBwYa0rKSy0XR8JSxZPwgLr7ys0IBzhGviA1/TUGJLmSVqs8pb9AnvICXEuOHLprYTw==
  dependencies:
    tr46 "~0.0.3"
    webidl-conversions "^3.0.0"
